// !$*UTF8*$!
{
	archiveVersion = 1;
	classes = {
	};
	objectVersion = 50;
	objects = {

/* Begin PBXBuildFile section */
		097C2C1990FDBC96A37EAD28 /* Pods_Movie.framework in Frameworks */ = {isa = PBXBuildFile; fileRef = 1E24FC434211B5BCA1D4D9CA /* Pods_Movie.framework */; };
		28406D19210E453500581D00 /* Movie.swift in Sources */ = {isa = PBXBuildFile; fileRef = 28406D18210E453500581D00 /* Movie.swift */; };
		28406D1E210E4A9800581D00 /* API.swift in Sources */ = {isa = PBXBuildFile; fileRef = 28406D1D210E4A9800581D00 /* API.swift */; };
		28406D20210E4AA700581D00 /* MovieApi.swift in Sources */ = {isa = PBXBuildFile; fileRef = 28406D1F210E4AA700581D00 /* MovieApi.swift */; };
		28941297210E65ED0063836D /* MovieViewModel.swift in Sources */ = {isa = PBXBuildFile; fileRef = 28941296210E65ED0063836D /* MovieViewModel.swift */; };
		289D4D91210E383700890F74 /* AppDelegate.swift in Sources */ = {isa = PBXBuildFile; fileRef = 289D4D90210E383700890F74 /* AppDelegate.swift */; };
		289D4D93210E383700890F74 /* ViewController.swift in Sources */ = {isa = PBXBuildFile; fileRef = 289D4D92210E383700890F74 /* ViewController.swift */; };
		289D4D96210E383700890F74 /* Main.storyboard in Resources */ = {isa = PBXBuildFile; fileRef = 289D4D94210E383700890F74 /* Main.storyboard */; };
		289D4D98210E383900890F74 /* Assets.xcassets in Resources */ = {isa = PBXBuildFile; fileRef = 289D4D97210E383900890F74 /* Assets.xcassets */; };
		289D4D9B210E383900890F74 /* LaunchScreen.storyboard in Resources */ = {isa = PBXBuildFile; fileRef = 289D4D99210E383900890F74 /* LaunchScreen.storyboard */; };
/* End PBXBuildFile section */

/* Begin PBXFileReference section */
		1E24FC434211B5BCA1D4D9CA /* Pods_Movie.framework */ = {isa = PBXFileReference; explicitFileType = wrapper.framework; includeInIndex = 0; path = Pods_Movie.framework; sourceTree = BUILT_PRODUCTS_DIR; };
		28406D18210E453500581D00 /* Movie.swift */ = {isa = PBXFileReference; lastKnownFileType = sourcecode.swift; path = Movie.swift; sourceTree = "<group>"; };
		28406D1D210E4A9800581D00 /* API.swift */ = {isa = PBXFileReference; lastKnownFileType = sourcecode.swift; path = API.swift; sourceTree = "<group>"; };
		28406D1F210E4AA700581D00 /* MovieApi.swift */ = {isa = PBXFileReference; lastKnownFileType = sourcecode.swift; path = MovieApi.swift; sourceTree = "<group>"; };
		28941296210E65ED0063836D /* MovieViewModel.swift */ = {isa = PBXFileReference; lastKnownFileType = sourcecode.swift; path = MovieViewModel.swift; sourceTree = "<group>"; };
		289D4D8D210E383700890F74 /* Movie.app */ = {isa = PBXFileReference; explicitFileType = wrapper.application; includeInIndex = 0; path = Movie.app; sourceTree = BUILT_PRODUCTS_DIR; };
		289D4D90210E383700890F74 /* AppDelegate.swift */ = {isa = PBXFileReference; lastKnownFileType = sourcecode.swift; path = AppDelegate.swift; sourceTree = "<group>"; };
		289D4D92210E383700890F74 /* ViewController.swift */ = {isa = PBXFileReference; lastKnownFileType = sourcecode.swift; path = ViewController.swift; sourceTree = "<group>"; };
		289D4D95210E383700890F74 /* Base */ = {isa = PBXFileReference; lastKnownFileType = file.storyboard; name = Base; path = Base.lproj/Main.storyboard; sourceTree = "<group>"; };
		289D4D97210E383900890F74 /* Assets.xcassets */ = {isa = PBXFileReference; lastKnownFileType = folder.assetcatalog; path = Assets.xcassets; sourceTree = "<group>"; };
		289D4D9A210E383900890F74 /* Base */ = {isa = PBXFileReference; lastKnownFileType = file.storyboard; name = Base; path = Base.lproj/LaunchScreen.storyboard; sourceTree = "<group>"; };
		289D4D9C210E383900890F74 /* Info.plist */ = {isa = PBXFileReference; lastKnownFileType = text.plist.xml; path = Info.plist; sourceTree = "<group>"; };
		B0F36C1F63A4085C824068E5 /* Pods-Movie.release.xcconfig */ = {isa = PBXFileReference; includeInIndex = 1; lastKnownFileType = text.xcconfig; name = "Pods-Movie.release.xcconfig"; path = "Pods/Target Support Files/Pods-Movie/Pods-Movie.release.xcconfig"; sourceTree = "<group>"; };
		CDAC4A109945B0134366CE4D /* Pods-Movie.debug.xcconfig */ = {isa = PBXFileReference; includeInIndex = 1; lastKnownFileType = text.xcconfig; name = "Pods-Movie.debug.xcconfig"; path = "Pods/Target Support Files/Pods-Movie/Pods-Movie.debug.xcconfig"; sourceTree = "<group>"; };
/* End PBXFileReference section */

/* Begin PBXFrameworksBuildPhase section */
		289D4D8A210E383700890F74 /* Frameworks */ = {
			isa = PBXFrameworksBuildPhase;
			buildActionMask = 2147483647;
			files = (
				097C2C1990FDBC96A37EAD28 /* Pods_Movie.framework in Frameworks */,
			);
			runOnlyForDeploymentPostprocessing = 0;
		};
/* End PBXFrameworksBuildPhase section */

/* Begin PBXGroup section */
		28406D17210E450500581D00 /* Model */ = {
			isa = PBXGroup;
			children = (
				28406D18210E453500581D00 /* Movie.swift */,
			);
			path = Model;
			sourceTree = "<group>";
		};
		28406D1C210E4A8800581D00 /* Network */ = {
			isa = PBXGroup;
			children = (
				28406D1D210E4A9800581D00 /* API.swift */,
				28406D1F210E4AA700581D00 /* MovieApi.swift */,
			);
			path = Network;
			sourceTree = "<group>";
		};
		28941295210E655F0063836D /* ViewModel */ = {
			isa = PBXGroup;
			children = (
				28941296210E65ED0063836D /* MovieViewModel.swift */,
			);
			path = ViewModel;
			sourceTree = "<group>";
		};
		28941298210E660E0063836D /* View */ = {
			isa = PBXGroup;
			children = (
				28941299210E66260063836D /* ViewController */,
			);
			path = View;
			sourceTree = "<group>";
		};
		28941299210E66260063836D /* ViewController */ = {
			isa = PBXGroup;
			children = (
				289D4D92210E383700890F74 /* ViewController.swift */,
			);
			path = ViewController;
			sourceTree = "<group>";
		};
		289D4D84210E383700890F74 = {
			isa = PBXGroup;
			children = (
				289D4D8F210E383700890F74 /* Movie */,
				289D4D8E210E383700890F74 /* Products */,
				D43CCF24316680D849F1204B /* Pods */,
				9018E998B8F9661519E73DE6 /* Frameworks */,
			);
			sourceTree = "<group>";
		};
		289D4D8E210E383700890F74 /* Products */ = {
			isa = PBXGroup;
			children = (
				289D4D8D210E383700890F74 /* Movie.app */,
			);
			name = Products;
			sourceTree = "<group>";
		};
		289D4D8F210E383700890F74 /* Movie */ = {
			isa = PBXGroup;
			children = (
				28406D1C210E4A8800581D00 /* Network */,
				28406D17210E450500581D00 /* Model */,
				28941298210E660E0063836D /* View */,
				28941295210E655F0063836D /* ViewModel */,
				289D4D90210E383700890F74 /* AppDelegate.swift */,
				289D4D94210E383700890F74 /* Main.storyboard */,
				289D4D97210E383900890F74 /* Assets.xcassets */,
				289D4D99210E383900890F74 /* LaunchScreen.storyboard */,
				289D4D9C210E383900890F74 /* Info.plist */,
			);
			path = Movie;
			sourceTree = "<group>";
		};
		9018E998B8F9661519E73DE6 /* Frameworks */ = {
			isa = PBXGroup;
			children = (
				1E24FC434211B5BCA1D4D9CA /* Pods_Movie.framework */,
			);
			name = Frameworks;
			sourceTree = "<group>";
		};
		D43CCF24316680D849F1204B /* Pods */ = {
			isa = PBXGroup;
			children = (
				CDAC4A109945B0134366CE4D /* Pods-Movie.debug.xcconfig */,
				B0F36C1F63A4085C824068E5 /* Pods-Movie.release.xcconfig */,
			);
			name = Pods;
			sourceTree = "<group>";
		};
/* End PBXGroup section */

/* Begin PBXNativeTarget section */
		289D4D8C210E383700890F74 /* Movie */ = {
			isa = PBXNativeTarget;
			buildConfigurationList = 289D4D9F210E383900890F74 /* Build configuration list for PBXNativeTarget "Movie" */;
			buildPhases = (
				063DC32A6969210E31C98189 /* [CP] Check Pods Manifest.lock */,
				289D4D89210E383700890F74 /* Sources */,
				289D4D8A210E383700890F74 /* Frameworks */,
				289D4D8B210E383700890F74 /* Resources */,
				513E6804F1ECDC250E60CB75 /* [CP] Embed Pods Frameworks */,
			);
			buildRules = (
			);
			dependencies = (
			);
			name = Movie;
			productName = Movie;
			productReference = 289D4D8D210E383700890F74 /* Movie.app */;
			productType = "com.apple.product-type.application";
		};
/* End PBXNativeTarget section */

/* Begin PBXProject section */
		289D4D85210E383700890F74 /* Project object */ = {
			isa = PBXProject;
			attributes = {
				LastSwiftUpdateCheck = 0940;
				LastUpgradeCheck = 0940;
				ORGANIZATIONNAME = VectorXHD;
				TargetAttributes = {
					289D4D8C210E383700890F74 = {
						CreatedOnToolsVersion = 9.4.1;
					};
				};
			};
			buildConfigurationList = 289D4D88210E383700890F74 /* Build configuration list for PBXProject "Movie" */;
			compatibilityVersion = "Xcode 9.3";
			developmentRegion = en;
			hasScannedForEncodings = 0;
			knownRegions = (
				en,
				Base,
			);
			mainGroup = 289D4D84210E383700890F74;
			productRefGroup = 289D4D8E210E383700890F74 /* Products */;
			projectDirPath = "";
			projectRoot = "";
			targets = (
				289D4D8C210E383700890F74 /* Movie */,
			);
		};
/* End PBXProject section */

/* Begin PBXResourcesBuildPhase section */
		289D4D8B210E383700890F74 /* Resources */ = {
			isa = PBXResourcesBuildPhase;
			buildActionMask = 2147483647;
			files = (
				289D4D9B210E383900890F74 /* LaunchScreen.storyboard in Resources */,
				289D4D98210E383900890F74 /* Assets.xcassets in Resources */,
				289D4D96210E383700890F74 /* Main.storyboard in Resources */,
			);
			runOnlyForDeploymentPostprocessing = 0;
		};
/* End PBXResourcesBuildPhase section */

/* Begin PBXShellScriptBuildPhase section */
		063DC32A6969210E31C98189 /* [CP] Check Pods Manifest.lock */ = {
			isa = PBXShellScriptBuildPhase;
			buildActionMask = 2147483647;
			files = (
			);
			inputPaths = (
				"${PODS_PODFILE_DIR_PATH}/Podfile.lock",
				"${PODS_ROOT}/Manifest.lock",
			);
			name = "[CP] Check Pods Manifest.lock";
			outputPaths = (
				"$(DERIVED_FILE_DIR)/Pods-Movie-checkManifestLockResult.txt",
			);
			runOnlyForDeploymentPostprocessing = 0;
			shellPath = /bin/sh;
			shellScript = "diff \"${PODS_PODFILE_DIR_PATH}/Podfile.lock\" \"${PODS_ROOT}/Manifest.lock\" > /dev/null\nif [ $? != 0 ] ; then\n    # print error to STDERR\n    echo \"error: The sandbox is not in sync with the Podfile.lock. Run 'pod install' or update your CocoaPods installation.\" >&2\n    exit 1\nfi\n# This output is used by Xcode 'outputs' to avoid re-running this script phase.\necho \"SUCCESS\" > \"${SCRIPT_OUTPUT_FILE_0}\"\n";
			showEnvVarsInLog = 0;
		};
		513E6804F1ECDC250E60CB75 /* [CP] Embed Pods Frameworks */ = {
			isa = PBXShellScriptBuildPhase;
			buildActionMask = 2147483647;
			files = (
			);
			inputPaths = (
				"${SRCROOT}/Pods/Target Support Files/Pods-Movie/Pods-Movie-frameworks.sh",
				"${BUILT_PRODUCTS_DIR}/Alamofire/Alamofire.framework",
				"${BUILT_PRODUCTS_DIR}/Moya/Moya.framework",
				"${BUILT_PRODUCTS_DIR}/Result/Result.framework",
			);
			name = "[CP] Embed Pods Frameworks";
			outputPaths = (
				"${TARGET_BUILD_DIR}/${FRAMEWORKS_FOLDER_PATH}/Alamofire.framework",
				"${TARGET_BUILD_DIR}/${FRAMEWORKS_FOLDER_PATH}/Moya.framework",
				"${TARGET_BUILD_DIR}/${FRAMEWORKS_FOLDER_PATH}/Result.framework",
			);
			runOnlyForDeploymentPostprocessing = 0;
			shellPath = /bin/sh;
			shellScript = "\"${SRCROOT}/Pods/Target Support Files/Pods-Movie/Pods-Movie-frameworks.sh\"\n";
			showEnvVarsInLog = 0;
		};
/* End PBXShellScriptBuildPhase section */

/* Begin PBXSourcesBuildPhase section */
		289D4D89210E383700890F74 /* Sources */ = {
			isa = PBXSourcesBuildPhase;
			buildActionMask = 2147483647;
			files = (
				289D4D93210E383700890F74 /* ViewController.swift in Sources */,
				289D4D91210E383700890F74 /* AppDelegate.swift in Sources */,
				28406D20210E4AA700581D00 /* MovieApi.swift in Sources */,
				28406D1E210E4A9800581D00 /* API.swift in Sources */,
				28406D19210E453500581D00 /* Movie.swift in Sources */,
				28941297210E65ED0063836D /* MovieViewModel.swift in Sources */,
			);
			runOnlyForDeploymentPostprocessing = 0;
		};
/* End PBXSourcesBuildPhase section */

/* Begin PBXVariantGroup section */
		289D4D94210E383700890F74 /* Main.storyboard */ = {
			isa = PBXVariantGroup;
			children = (
				289D4D95210E383700890F74 /* Base */,
			);
			name = Main.storyboard;
			sourceTree = "<group>";
		};
		289D4D99210E383900890F74 /* LaunchScreen.storyboard */ = {
			isa = PBXVariantGroup;
			children = (
				289D4D9A210E383900890F74 /* Base */,
			);
			name = LaunchScreen.storyboard;
			sourceTree = "<group>";
		};
/* End PBXVariantGroup section */

/* Begin XCBuildConfiguration section */
		289D4D9D210E383900890F74 /* Debug */ = {
			isa = XCBuildConfiguration;
			buildSettings = {
				ALWAYS_SEARCH_USER_PATHS = NO;
				CLANG_ANALYZER_NONNULL = YES;
				CLANG_ANALYZER_NUMBER_OBJECT_CONVERSION = YES_AGGRESSIVE;
				CLANG_CXX_LANGUAGE_STANDARD = "gnu++14";
				CLANG_CXX_LIBRARY = "libc++";
				CLANG_ENABLE_MODULES = YES;
				CLANG_ENABLE_OBJC_ARC = YES;
				CLANG_ENABLE_OBJC_WEAK = YES;
				CLANG_WARN_BLOCK_CAPTURE_AUTORELEASING = YES;
				CLANG_WARN_BOOL_CONVERSION = YES;
				CLANG_WARN_COMMA = YES;
				CLANG_WARN_CONSTANT_CONVERSION = YES;
				CLANG_WARN_DEPRECATED_OBJC_IMPLEMENTATIONS = YES;
				CLANG_WARN_DIRECT_OBJC_ISA_USAGE = YES_ERROR;
				CLANG_WARN_DOCUMENTATION_COMMENTS = YES;
				CLANG_WARN_EMPTY_BODY = YES;
				CLANG_WARN_ENUM_CONVERSION = YES;
				CLANG_WARN_INFINITE_RECURSION = YES;
				CLANG_WARN_INT_CONVERSION = YES;
				CLANG_WARN_NON_LITERAL_NULL_CONVERSION = YES;
				CLANG_WARN_OBJC_IMPLICIT_RETAIN_SELF = YES;
				CLANG_WARN_OBJC_LITERAL_CONVERSION = YES;
				CLANG_WARN_OBJC_ROOT_CLASS = YES_ERROR;
				CLANG_WARN_RANGE_LOOP_ANALYSIS = YES;
				CLANG_WARN_STRICT_PROTOTYPES = YES;
				CLANG_WARN_SUSPICIOUS_MOVE = YES;
				CLANG_WARN_UNGUARDED_AVAILABILITY = YES_AGGRESSIVE;
				CLANG_WARN_UNREACHABLE_CODE = YES;
				CLANG_WARN__DUPLICATE_METHOD_MATCH = YES;
				CODE_SIGN_IDENTITY = "iPhone Developer";
				COPY_PHASE_STRIP = NO;
				DEBUG_INFORMATION_FORMAT = dwarf;
				ENABLE_STRICT_OBJC_MSGSEND = YES;
				ENABLE_TESTABILITY = YES;
				GCC_C_LANGUAGE_STANDARD = gnu11;
				GCC_DYNAMIC_NO_PIC = NO;
				GCC_NO_COMMON_BLOCKS = YES;
				GCC_OPTIMIZATION_LEVEL = 0;
				GCC_PREPROCESSOR_DEFINITIONS = (
					"DEBUG=1",
					"$(inherited)",
				);
				GCC_WARN_64_TO_32_BIT_CONVERSION = YES;
				GCC_WARN_ABOUT_RETURN_TYPE = YES_ERROR;
				GCC_WARN_UNDECLARED_SELECTOR = YES;
				GCC_WARN_UNINITIALIZED_AUTOS = YES_AGGRESSIVE;
				GCC_WARN_UNUSED_FUNCTION = YES;
				GCC_WARN_UNUSED_VARIABLE = YES;
				IPHONEOS_DEPLOYMENT_TARGET = 11.4;
				MTL_ENABLE_DEBUG_INFO = YES;
				ONLY_ACTIVE_ARCH = YES;
				SDKROOT = iphoneos;
				SWIFT_ACTIVE_COMPILATION_CONDITIONS = DEBUG;
				SWIFT_OPTIMIZATION_LEVEL = "-Onone";
			};
			name = Debug;
		};
		289D4D9E210E383900890F74 /* Release */ = {
			isa = XCBuildConfiguration;
			buildSettings = {
				ALWAYS_SEARCH_USER_PATHS = NO;
				CLANG_ANALYZER_NONNULL = YES;
				CLANG_ANALYZER_NUMBER_OBJECT_CONVERSION = YES_AGGRESSIVE;
				CLANG_CXX_LANGUAGE_STANDARD = "gnu++14";
				CLANG_CXX_LIBRARY = "libc++";
				CLANG_ENABLE_MODULES = YES;
				CLANG_ENABLE_OBJC_ARC = YES;
				CLANG_ENABLE_OBJC_WEAK = YES;
				CLANG_WARN_BLOCK_CAPTURE_AUTORELEASING = YES;
				CLANG_WARN_BOOL_CONVERSION = YES;
				CLANG_WARN_COMMA = YES;
				CLANG_WARN_CONSTANT_CONVERSION = YES;
				CLANG_WARN_DEPRECATED_OBJC_IMPLEMENTATIONS = YES;
				CLANG_WARN_DIRECT_OBJC_ISA_USAGE = YES_ERROR;
				CLANG_WARN_DOCUMENTATION_COMMENTS = YES;
				CLANG_WARN_EMPTY_BODY = YES;
				CLANG_WARN_ENUM_CONVERSION = YES;
				CLANG_WARN_INFINITE_RECURSION = YES;
				CLANG_WARN_INT_CONVERSION = YES;
				CLANG_WARN_NON_LITERAL_NULL_CONVERSION = YES;
				CLANG_WARN_OBJC_IMPLICIT_RETAIN_SELF = YES;
				CLANG_WARN_OBJC_LITERAL_CONVERSION = YES;
				CLANG_WARN_OBJC_ROOT_CLASS = YES_ERROR;
				CLANG_WARN_RANGE_LOOP_ANALYSIS = YES;
				CLANG_WARN_STRICT_PROTOTYPES = YES;
				CLANG_WARN_SUSPICIOUS_MOVE = YES;
				CLANG_WARN_UNGUARDED_AVAILABILITY = YES_AGGRESSIVE;
				CLANG_WARN_UNREACHABLE_CODE = YES;
				CLANG_WARN__DUPLICATE_METHOD_MATCH = YES;
				CODE_SIGN_IDENTITY = "iPhone Developer";
				COPY_PHASE_STRIP = NO;
				DEBUG_INFORMATION_FORMAT = "dwarf-with-dsym";
				ENABLE_NS_ASSERTIONS = NO;
				ENABLE_STRICT_OBJC_MSGSEND = YES;
				GCC_C_LANGUAGE_STANDARD = gnu11;
				GCC_NO_COMMON_BLOCKS = YES;
				GCC_WARN_64_TO_32_BIT_CONVERSION = YES;
				GCC_WARN_ABOUT_RETURN_TYPE = YES_ERROR;
				GCC_WARN_UNDECLARED_SELECTOR = YES;
				GCC_WARN_UNINITIALIZED_AUTOS = YES_AGGRESSIVE;
				GCC_WARN_UNUSED_FUNCTION = YES;
				GCC_WARN_UNUSED_VARIABLE = YES;
				IPHONEOS_DEPLOYMENT_TARGET = 11.4;
				MTL_ENABLE_DEBUG_INFO = NO;
				SDKROOT = iphoneos;
				SWIFT_COMPILATION_MODE = wholemodule;
				SWIFT_OPTIMIZATION_LEVEL = "-O";
				VALIDATE_PRODUCT = YES;
			};
			name = Release;
		};
		289D4DA0210E383900890F74 /* Debug */ = {
			isa = XCBuildConfiguration;
			baseConfigurationReference = CDAC4A109945B0134366CE4D /* Pods-Movie.debug.xcconfig */;
			buildSettings = {
				ASSETCATALOG_COMPILER_APPICON_NAME = AppIcon;
				CODE_SIGN_STYLE = Automatic;
				INFOPLIST_FILE = Movie/Info.plist;
				LD_RUNPATH_SEARCH_PATHS = (
					"$(inherited)",
					"@executable_path/Frameworks",
				);
				PRODUCT_BUNDLE_IDENTIFIER = fr.vectorxhd.Movie;
				PRODUCT_NAME = "$(TARGET_NAME)";
				SWIFT_VERSION = 4.0;
				TARGETED_DEVICE_FAMILY = "1,2";
			};
			name = Debug;
		};
		289D4DA1210E383900890F74 /* Release */ = {
			isa = XCBuildConfiguration;
			baseConfigurationReference = B0F36C1F63A4085C824068E5 /* Pods-Movie.release.xcconfig */;
			buildSettings = {
				ASSETCATALOG_COMPILER_APPICON_NAME = AppIcon;
				CODE_SIGN_STYLE = Automatic;
				INFOPLIST_FILE = Movie/Info.plist;
				LD_RUNPATH_SEARCH_PATHS = (
					"$(inherited)",
					"@executable_path/Frameworks",
				);
				PRODUCT_BUNDLE_IDENTIFIER = fr.vectorxhd.Movie;
				PRODUCT_NAME = "$(TARGET_NAME)";
				SWIFT_VERSION = 4.0;
				TARGETED_DEVICE_FAMILY = "1,2";
			};
			name = Release;
		};
/* End XCBuildConfiguration section */

/* Begin XCConfigurationList section */
		289D4D88210E383700890F74 /* Build configuration list for PBXProject "Movie" */ = {
			isa = XCConfigurationList;
			buildConfigurations = (
				289D4D9D210E383900890F74 /* Debug */,
				289D4D9E210E383900890F74 /* Release */,
			);
			defaultConfigurationIsVisible = 0;
			defaultConfigurationName = Release;
		};
		289D4D9F210E383900890F74 /* Build configuration list for PBXNativeTarget "Movie" */ = {
			isa = XCConfigurationList;
			buildConfigurations = (
				289D4DA0210E383900890F74 /* Debug */,
				289D4DA1210E383900890F74 /* Release */,
			);
			defaultConfigurationIsVisible = 0;
			defaultConfigurationName = Release;
		};
/* End XCConfigurationList section */
	};
	rootObject = 289D4D85210E383700890F74 /* Project object */;
}
